
Microsoft Visual Studio Solution File, Format Version 12.00
# Visual Studio Version 17
VisualStudioVersion = 17.3.32825.248
MinimumVisualStudioVersion = 10.0.40219.1
Project("{FAE04EC0-301F-11D3-BF4B-00C04F79EFBC}") = "project 1", "project 1\project 1.csproj", "{3A086F3C-7941-4C2D-84E9-3CA5B59E164B}"
EndProject
Global
	GlobalSection(SolutionConfigurationPlatforms) = preSolution
		Debug|Any CPU = Debug|Any CPU
		Release|Any CPU = Release|Any CPU
	EndGlobalSection
	GlobalSection(ProjectConfigurationPlatforms) = postSolution
		{3A086F3C-7941-4C2D-84E9-3CA5B59E164B}.Debug|Any CPU.ActiveCfg = Debug|Any CPU
		{3A086F3C-7941-4C2D-84E9-3CA5B59E164B}.Debug|Any CPU.Build.0 = Debug|Any CPU
		{3A086F3C-7941-4C2D-84E9-3CA5B59E164B}.Release|Any CPU.ActiveCfg = Release|Any CPU
		{3A086F3C-7941-4C2D-84E9-3CA5B59E164B}.Release|Any CPU.Build.0 = Release|Any CPU
	EndGlobalSection
	GlobalSection(SolutionProperties) = preSolution
		HideSolutionNode = FALSE
	EndGlobalSection
	GlobalSection(ExtensibilityGlobals) = postSolution
		SolutionGuid = {D026EF99-868D-4923-A346-415852992647}
	EndGlobalSection
EndGlobal
